
Microsoft Visual Studio Solution File, Format Version 12.00
# Visual Studio Version 17
VisualStudioVersion = 17.13.35931.197 d17.13
MinimumVisualStudioVersion = 10.0.40219.1
Project("{FAE04EC0-301F-11D3-BF4B-00C04F79EFBC}") = "ResumeManager", "ResumeManager.csproj", "{FF872B6F-F49D-4ED4-A770-49657ED89280}"
EndProject
Global
	GlobalSection(SolutionConfigurationPlatforms) = preSolution
		Debug|Any CPU = Debug|Any CPU
		Release|Any CPU = Release|Any CPU
	EndGlobalSection
	GlobalSection(ProjectConfigurationPlatforms) = postSolution
		{FF872B6F-F49D-4ED4-A770-49657ED89280}.Debug|Any CPU.ActiveCfg = Debug|Any CPU
		{FF872B6F-F49D-4ED4-A770-49657ED89280}.Debug|Any CPU.Build.0 = Debug|Any CPU
		{FF872B6F-F49D-4ED4-A770-49657ED89280}.Release|Any CPU.ActiveCfg = Release|Any CPU
		{FF872B6F-F49D-4ED4-A770-49657ED89280}.Release|Any CPU.Build.0 = Release|Any CPU
	EndGlobalSection
	GlobalSection(SolutionProperties) = preSolution
		HideSolutionNode = FALSE
	EndGlobalSection
	GlobalSection(ExtensibilityGlobals) = postSolution
		SolutionGuid = {C609974D-5C67-46CF-ABC2-8346C677350E}
	EndGlobalSection
EndGlobal
